
Microsoft Visual Studio Solution File, Format Version 12.00
# Visual Studio Version 16
VisualStudioVersion = 16.0.29418.71
MinimumVisualStudioVersion = 10.0.40219.1
Project("{D954291E-2A0B-460D-934E-DC6B0785DB48}") = "Hawk.Uno.Client.Shared", "Hawk.Uno.Client\Hawk.Uno.Client.Shared\Hawk.Uno.Client.Shared.shproj", "{6279C845-92F8-4333-AB99-3D213163593C}"
EndProject
Project("{FAE04EC0-301F-11D3-BF4B-00C04F79EFBC}") = "Hawk.Uno.Client.UWP", "Hawk.Uno.Client\Hawk.Uno.Client.UWP\Hawk.Uno.Client.UWP.csproj", "{744F2F3F-01D2-48F1-8144-568A4CC91E4E}"
EndProject
Global
	GlobalSection(SharedMSBuildProjectFiles) = preSolution
		Hawk.Uno.Client\Hawk.Uno.Client.Shared\Hawk.Uno.Client.Shared.projitems*{6279c845-92f8-4333-ab99-3d213163593c}*SharedItemsImports = 13
		Hawk.Uno.Client\Hawk.Uno.Client.Shared\Hawk.Uno.Client.Shared.projitems*{744f2f3f-01d2-48f1-8144-568a4cc91e4e}*SharedItemsImports = 4
	EndGlobalSection
	GlobalSection(SolutionConfigurationPlatforms) = preSolution
		Ad-Hoc|Any CPU = Ad-Hoc|Any CPU
		Ad-Hoc|ARM = Ad-Hoc|ARM
		Ad-Hoc|iPhone = Ad-Hoc|iPhone
		Ad-Hoc|iPhoneSimulator = Ad-Hoc|iPhoneSimulator
		Ad-Hoc|x64 = Ad-Hoc|x64
		Ad-Hoc|x86 = Ad-Hoc|x86
		AppStore|Any CPU = AppStore|Any CPU
		AppStore|ARM = AppStore|ARM
		AppStore|iPhone = AppStore|iPhone
		AppStore|iPhoneSimulator = AppStore|iPhoneSimulator
		AppStore|x64 = AppStore|x64
		AppStore|x86 = AppStore|x86
		Debug|Any CPU = Debug|Any CPU
		Debug|ARM = Debug|ARM
		Debug|iPhone = Debug|iPhone
		Debug|iPhoneSimulator = Debug|iPhoneSimulator
		Debug|x64 = Debug|x64
		Debug|x86 = Debug|x86
		Release|Any CPU = Release|Any CPU
		Release|ARM = Release|ARM
		Release|iPhone = Release|iPhone
		Release|iPhoneSimulator = Release|iPhoneSimulator
		Release|x64 = Release|x64
		Release|x86 = Release|x86
	EndGlobalSection
	GlobalSection(ProjectConfigurationPlatforms) = postSolution
		{744F2F3F-01D2-48F1-8144-568A4CC91E4E}.Ad-Hoc|Any CPU.ActiveCfg = Release|x64
		{744F2F3F-01D2-48F1-8144-568A4CC91E4E}.Ad-Hoc|Any CPU.Build.0 = Release|x64
		{744F2F3F-01D2-48F1-8144-568A4CC91E4E}.Ad-Hoc|Any CPU.Deploy.0 = Release|x64
		{744F2F3F-01D2-48F1-8144-568A4CC91E4E}.Ad-Hoc|ARM.ActiveCfg = Release|ARM
		{744F2F3F-01D2-48F1-8144-568A4CC91E4E}.Ad-Hoc|ARM.Build.0 = Release|ARM
		{744F2F3F-01D2-48F1-8144-568A4CC91E4E}.Ad-Hoc|ARM.Deploy.0 = Release|ARM
		{744F2F3F-01D2-48F1-8144-568A4CC91E4E}.Ad-Hoc|iPhone.ActiveCfg = Release|x64
		{744F2F3F-01D2-48F1-8144-568A4CC91E4E}.Ad-Hoc|iPhone.Build.0 = Release|x64
		{744F2F3F-01D2-48F1-8144-568A4CC91E4E}.Ad-Hoc|iPhone.Deploy.0 = Release|x64
		{744F2F3F-01D2-48F1-8144-568A4CC91E4E}.Ad-Hoc|iPhoneSimulator.ActiveCfg = Release|x64
		{744F2F3F-01D2-48F1-8144-568A4CC91E4E}.Ad-Hoc|iPhoneSimulator.Build.0 = Release|x64
		{744F2F3F-01D2-48F1-8144-568A4CC91E4E}.Ad-Hoc|iPhoneSimulator.Deploy.0 = Release|x64
		{744F2F3F-01D2-48F1-8144-568A4CC91E4E}.Ad-Hoc|x64.ActiveCfg = Release|x64
		{744F2F3F-01D2-48F1-8144-568A4CC91E4E}.Ad-Hoc|x64.Build.0 = Release|x64
		{744F2F3F-01D2-48F1-8144-568A4CC91E4E}.Ad-Hoc|x64.Deploy.0 = Release|x64
		{744F2F3F-01D2-48F1-8144-568A4CC91E4E}.Ad-Hoc|x86.ActiveCfg = Release|x86
		{744F2F3F-01D2-48F1-8144-568A4CC91E4E}.Ad-Hoc|x86.Build.0 = Release|x86
		{744F2F3F-01D2-48F1-8144-568A4CC91E4E}.Ad-Hoc|x86.Deploy.0 = Release|x86
		{744F2F3F-01D2-48F1-8144-568A4CC91E4E}.AppStore|Any CPU.ActiveCfg = Release|x64
		{744F2F3F-01D2-48F1-8144-568A4CC91E4E}.AppStore|Any CPU.Build.0 = Release|x64
		{744F2F3F-01D2-48F1-8144-568A4CC91E4E}.AppStore|Any CPU.Deploy.0 = Release|x64
		{744F2F3F-01D2-48F1-8144-568A4CC91E4E}.AppStore|ARM.ActiveCfg = Release|ARM
		{744F2F3F-01D2-48F1-8144-568A4CC91E4E}.AppStore|ARM.Build.0 = Release|ARM
		{744F2F3F-01D2-48F1-8144-568A4CC91E4E}.AppStore|ARM.Deploy.0 = Release|ARM
		{744F2F3F-01D2-48F1-8144-568A4CC91E4E}.AppStore|iPhone.ActiveCfg = Release|x64
		{744F2F3F-01D2-48F1-8144-568A4CC91E4E}.AppStore|iPhone.Build.0 = Release|x64
		{744F2F3F-01D2-48F1-8144-568A4CC91E4E}.AppStore|iPhone.Deploy.0 = Release|x64
		{744F2F3F-01D2-48F1-8144-568A4CC91E4E}.AppStore|iPhoneSimulator.ActiveCfg = Release|x64
		{744F2F3F-01D2-48F1-8144-568A4CC91E4E}.AppStore|iPhoneSimulator.Build.0 = Release|x64
		{744F2F3F-01D2-48F1-8144-568A4CC91E4E}.AppStore|iPhoneSimulator.Deploy.0 = Release|x64
		{744F2F3F-01D2-48F1-8144-568A4CC91E4E}.AppStore|x64.ActiveCfg = Release|x64
		{744F2F3F-01D2-48F1-8144-568A4CC91E4E}.AppStore|x64.Build.0 = Release|x64
		{744F2F3F-01D2-48F1-8144-568A4CC91E4E}.AppStore|x64.Deploy.0 = Release|x64
		{744F2F3F-01D2-48F1-8144-568A4CC91E4E}.AppStore|x86.ActiveCfg = Release|x86
		{744F2F3F-01D2-48F1-8144-568A4CC91E4E}.AppStore|x86.Build.0 = Release|x86
		{744F2F3F-01D2-48F1-8144-568A4CC91E4E}.AppStore|x86.Deploy.0 = Release|x86
		{744F2F3F-01D2-48F1-8144-568A4CC91E4E}.Debug|Any CPU.ActiveCfg = Debug|x86
		{744F2F3F-01D2-48F1-8144-568A4CC91E4E}.Debug|ARM.ActiveCfg = Debug|ARM
		{744F2F3F-01D2-48F1-8144-568A4CC91E4E}.Debug|ARM.Build.0 = Debug|ARM
		{744F2F3F-01D2-48F1-8144-568A4CC91E4E}.Debug|ARM.Deploy.0 = Debug|ARM
		{744F2F3F-01D2-48F1-8144-568A4CC91E4E}.Debug|iPhone.ActiveCfg = Debug|x86
		{744F2F3F-01D2-48F1-8144-568A4CC91E4E}.Debug|iPhoneSimulator.ActiveCfg = Debug|x86
		{744F2F3F-01D2-48F1-8144-568A4CC91E4E}.Debug|x64.ActiveCfg = Debug|x64
		{744F2F3F-01D2-48F1-8144-568A4CC91E4E}.Debug|x64.Build.0 = Debug|x64
		{744F2F3F-01D2-48F1-8144-568A4CC91E4E}.Debug|x64.Deploy.0 = Debug|x64
		{744F2F3F-01D2-48F1-8144-568A4CC91E4E}.Debug|x86.ActiveCfg = Debug|x86
		{744F2F3F-01D2-48F1-8144-568A4CC91E4E}.Debug|x86.Build.0 = Debug|x86
		{744F2F3F-01D2-48F1-8144-568A4CC91E4E}.Debug|x86.Deploy.0 = Debug|x86
		{744F2F3F-01D2-48F1-8144-568A4CC91E4E}.Release|Any CPU.ActiveCfg = Release|x86
		{744F2F3F-01D2-48F1-8144-568A4CC91E4E}.Release|ARM.ActiveCfg = Release|ARM
		{744F2F3F-01D2-48F1-8144-568A4CC91E4E}.Release|ARM.Build.0 = Release|ARM
		{744F2F3F-01D2-48F1-8144-568A4CC91E4E}.Release|ARM.Deploy.0 = Release|ARM
		{744F2F3F-01D2-48F1-8144-568A4CC91E4E}.Release|iPhone.ActiveCfg = Release|x86
		{744F2F3F-01D2-48F1-8144-568A4CC91E4E}.Release|iPhoneSimulator.ActiveCfg = Release|x86
		{744F2F3F-01D2-48F1-8144-568A4CC91E4E}.Release|x64.ActiveCfg = Release|x64
		{744F2F3F-01D2-48F1-8144-568A4CC91E4E}.Release|x64.Build.0 = Release|x64
		{744F2F3F-01D2-48F1-8144-568A4CC91E4E}.Release|x64.Deploy.0 = Release|x64
		{744F2F3F-01D2-48F1-8144-568A4CC91E4E}.Release|x86.ActiveCfg = Release|x86
		{744F2F3F-01D2-48F1-8144-568A4CC91E4E}.Release|x86.Build.0 = Release|x86
		{744F2F3F-01D2-48F1-8144-568A4CC91E4E}.Release|x86.Deploy.0 = Release|x86
	EndGlobalSection
	GlobalSection(SolutionProperties) = preSolution
		HideSolutionNode = FALSE
	EndGlobalSection
	GlobalSection(ExtensibilityGlobals) = postSolution
		SolutionGuid = {AFC300E6-EA45-44F8-9CAB-3FCA67A84C90}
	EndGlobalSection
EndGlobal
